<?xml version="1.0" encoding="utf-8"?>
<Project ToolsVersion="4.0" xmlns="http://schemas.microsoft.com/developer/msbuild/2003">
  <ItemGroup>
    <Filter Include="Source Files">
      <UniqueIdentifier>{4FC737F1-C7A5-4376-A066-2A32D752A2FF}</UniqueIdentifier>
      <Extensions>cpp;c;cc;cxx;def;odl;idl;hpj;bat;asm;asmx</Extensions>
    </Filter>
    <Filter Include="Header Files">
      <UniqueIdentifier>{93995380-89BD-4b04-88EB-625FBE52EBFB}</UniqueIdentifier>
      <Extensions>h;hh;hpp;hxx;hm;inl;inc;ipp;xsd</Extensions>
    </Filter>
    <Filter Include="Resource Files">
      <UniqueIdentifier>{67DA6AB6-F800-4c08-8B7A-83BB121AAD01}</UniqueIdentifier>
      <Extensions>rc;ico;cur;bmp;dlg;rc2;rct;bin;rgs;gif;jpg;jpeg;jpe;resx;tiff;tif;png;wav;mfcribbon-ms</Extensions>
    </Filter>
  </ItemGroup>
  <ItemGroup>
    <None Include="packages.config" />
  </ItemGroup>
  <ItemGroup>
    <ClInclude Include="stdafx.h">
      <Filter>Header Files</Filter>
    </ClInclude>
    <ClInclude Include="targetver.h">
      <Filter>Header Files</Filter>
    </ClInclude>
    <ClInclude Include="..\task_1_figures\CPoint.h">
      <Filter>Header Files</Filter>
    </ClInclude>
    <ClInclude Include="..\task_1_figures\IShape.h">
      <Filter>Header Files</Filter>
    </ClInclude>
    <ClInclude Include="..\task_1_figures\ISolidShape.h">
      <Filter>Header Files</Filter>
    </ClInclude>
    <ClInclude Include="..\task_1_figures\CRectangle.h">
      <Filter>Header Files</Filter>
    </ClInclude>
    <ClInclude Include="CMockedCanvas.h">
      <Filter>Header Files</Filter>
    </ClInclude>
    <ClInclude Include="..\task_1_figures\CTriangle.h">
      <Filter>Header Files</Filter>
    </ClInclude>
    <ClInclude Include="..\task_1_figures\SegmentLength.h">
      <Filter>Header Files</Filter>
    </ClInclude>
  </ItemGroup>
  <ItemGroup>
    <ClCompile Include="stdafx.cpp">
      <Filter>Source Files</Filter>
    </ClCompile>
    <ClCompile Include="TestsFigures.cpp">
      <Filter>Source Files</Filter>
    </ClCompile>
    <ClCompile Include="..\task_1_figures\CPoint.cpp">
      <Filter>Source Files</Filter>
    </ClCompile>
    <ClCompile Include="PointTests.cpp">
      <Filter>Source Files</Filter>
    </ClCompile>
    <ClCompile Include="..\task_1_figures\CRectangle.cpp">
      <Filter>Source Files</Filter>
    </ClCompile>
    <ClCompile Include="RectangleTests.cpp">
      <Filter>Source Files</Filter>
    </ClCompile>
    <ClCompile Include="CMockedCanvas.cpp">
      <Filter>Source Files</Filter>
    </ClCompile>
    <ClCompile Include="..\task_1_figures\CTriangle.cpp">
      <Filter>Source Files</Filter>
    </ClCompile>
    <ClCompile Include="TriangleTesets.cpp">
      <Filter>Source Files</Filter>
    </ClCompile>
    <ClCompile Include="..\task_1_figures\SegmentLength.cpp">
      <Filter>Source Files</Filter>
    </ClCompile>
  </ItemGroup>
</Project>