
Microsoft Visual Studio Solution File, Format Version 12.00
# Visual Studio 15
VisualStudioVersion = 15.0.28307.1022
MinimumVisualStudioVersion = 10.0.40219.1
Project("{8BC9CEB8-8B4A-11D0-8D11-00A0C91BC942}") = "CopyFile", "CopyFile\CopyFile.vcxproj", "{8863CCB0-9E78-4802-8496-C6B539DD1EDC}"
EndProject
Global
	GlobalSection(SolutionConfigurationPlatforms) = preSolution
		Debug|x64 = Debug|x64
		Debug|x86 = Debug|x86
		Release|x64 = Release|x64
		Release|x86 = Release|x86
	EndGlobalSection
	GlobalSection(ProjectConfigurationPlatforms) = postSolution
		{8863CCB0-9E78-4802-8496-C6B539DD1EDC}.Debug|x64.ActiveCfg = Debug|x64
		{8863CCB0-9E78-4802-8496-C6B539DD1EDC}.Debug|x64.Build.0 = Debug|x64
		{8863CCB0-9E78-4802-8496-C6B539DD1EDC}.Debug|x86.ActiveCfg = Debug|Win32
		{8863CCB0-9E78-4802-8496-C6B539DD1EDC}.Debug|x86.Build.0 = Debug|Win32
		{8863CCB0-9E78-4802-8496-C6B539DD1EDC}.Release|x64.ActiveCfg = Release|x64
		{8863CCB0-9E78-4802-8496-C6B539DD1EDC}.Release|x64.Build.0 = Release|x64
		{8863CCB0-9E78-4802-8496-C6B539DD1EDC}.Release|x86.ActiveCfg = Release|Win32
		{8863CCB0-9E78-4802-8496-C6B539DD1EDC}.Release|x86.Build.0 = Release|Win32
	EndGlobalSection
	GlobalSection(SolutionProperties) = preSolution
		HideSolutionNode = FALSE
	EndGlobalSection
	GlobalSection(ExtensibilityGlobals) = postSolution
		SolutionGuid = {A07CBC56-90FC-4E3E-A47C-4DC086585D5F}
	EndGlobalSection
EndGlobal
