<?xml version="1.0" encoding="utf-8"?>
<Project ToolsVersion="4.0" xmlns="http://schemas.microsoft.com/developer/msbuild/2003">
  <ItemGroup>
    <Filter Include="Source Files">
      <UniqueIdentifier>{4FC737F1-C7A5-4376-A066-2A32D752A2FF}</UniqueIdentifier>
      <Extensions>cpp;c;cc;cxx;def;odl;idl;hpj;bat;asm;asmx</Extensions>
    </Filter>
    <Filter Include="Header Files">
      <UniqueIdentifier>{93995380-89BD-4b04-88EB-625FBE52EBFB}</UniqueIdentifier>
      <Extensions>h;hh;hpp;hxx;hm;inl;inc;ipp;xsd</Extensions>
    </Filter>
    <Filter Include="Resource Files">
      <UniqueIdentifier>{67DA6AB6-F800-4c08-8B7A-83BB121AAD01}</UniqueIdentifier>
      <Extensions>rc;ico;cur;bmp;dlg;rc2;rct;bin;rgs;gif;jpg;jpeg;jpe;resx;tiff;tif;png;wav;mfcribbon-ms</Extensions>
    </Filter>
  </ItemGroup>
  <ItemGroup>
    <ClCompile Include="main.cpp">
      <Filter>Source Files</Filter>
    </ClCompile>
  </ItemGroup>
  <ItemGroup>
    <Text Include="matrix_3x3.txt" />
    <Text Include="matrix_3x4.txt" />
    <Text Include="matrix_3x2.txt" />
    <Text Include="matrix_2x3.txt" />
    <Text Include="matrix_3x5.txt" />
    <Text Include="matrix_4x3.txt" />
    <Text Include="empty.txt" />
    <Text Include="new_matrix_3x3.txt" />
    <Text Include="bad_matrix.txt" />
    <Text Include="matrix_2x2.txt" />
    <Text Include="matrix_4x4.txt" />
    <Text Include="test_out_matrix_3x3.txt" />
  </ItemGroup>
  <ItemGroup>
    <None Include="Tests.bat">
      <Filter>Source Files</Filter>
    </None>
  </ItemGroup>
</Project>