
Microsoft Visual Studio Solution File, Format Version 12.00
# Visual Studio 15
VisualStudioVersion = 15.0.28307.1022
MinimumVisualStudioVersion = 10.0.40219.1
Project("{8BC9CEB8-8B4A-11D0-8D11-00A0C91BC942}") = "task_1_figures", "task_1_figures\task_1_figures.vcxproj", "{C1D5A322-547B-4F14-A3F9-1D500454F3F4}"
EndProject
Project("{8BC9CEB8-8B4A-11D0-8D11-00A0C91BC942}") = "unit_tests_for_task_1_figures", "unit_tests_for_task_1_figures\unit_tests_for_task_1_figures.vcxproj", "{599BD729-0E13-4E8D-A3C9-C4939500B883}"
EndProject
Global
	GlobalSection(SolutionConfigurationPlatforms) = preSolution
		Debug|x64 = Debug|x64
		Debug|x86 = Debug|x86
		Release|x64 = Release|x64
		Release|x86 = Release|x86
	EndGlobalSection
	GlobalSection(ProjectConfigurationPlatforms) = postSolution
		{C1D5A322-547B-4F14-A3F9-1D500454F3F4}.Debug|x64.ActiveCfg = Debug|x64
		{C1D5A322-547B-4F14-A3F9-1D500454F3F4}.Debug|x64.Build.0 = Debug|x64
		{C1D5A322-547B-4F14-A3F9-1D500454F3F4}.Debug|x86.ActiveCfg = Debug|Win32
		{C1D5A322-547B-4F14-A3F9-1D500454F3F4}.Debug|x86.Build.0 = Debug|Win32
		{C1D5A322-547B-4F14-A3F9-1D500454F3F4}.Release|x64.ActiveCfg = Release|x64
		{C1D5A322-547B-4F14-A3F9-1D500454F3F4}.Release|x64.Build.0 = Release|x64
		{C1D5A322-547B-4F14-A3F9-1D500454F3F4}.Release|x86.ActiveCfg = Release|Win32
		{C1D5A322-547B-4F14-A3F9-1D500454F3F4}.Release|x86.Build.0 = Release|Win32
		{599BD729-0E13-4E8D-A3C9-C4939500B883}.Debug|x64.ActiveCfg = Debug|x64
		{599BD729-0E13-4E8D-A3C9-C4939500B883}.Debug|x64.Build.0 = Debug|x64
		{599BD729-0E13-4E8D-A3C9-C4939500B883}.Debug|x86.ActiveCfg = Debug|Win32
		{599BD729-0E13-4E8D-A3C9-C4939500B883}.Debug|x86.Build.0 = Debug|Win32
		{599BD729-0E13-4E8D-A3C9-C4939500B883}.Release|x64.ActiveCfg = Release|x64
		{599BD729-0E13-4E8D-A3C9-C4939500B883}.Release|x64.Build.0 = Release|x64
		{599BD729-0E13-4E8D-A3C9-C4939500B883}.Release|x86.ActiveCfg = Release|Win32
		{599BD729-0E13-4E8D-A3C9-C4939500B883}.Release|x86.Build.0 = Release|Win32
	EndGlobalSection
	GlobalSection(SolutionProperties) = preSolution
		HideSolutionNode = FALSE
	EndGlobalSection
	GlobalSection(ExtensibilityGlobals) = postSolution
		SolutionGuid = {6601BF71-CECD-4977-9121-5A3C7B095D9C}
	EndGlobalSection
EndGlobal
